// !$*UTF8*$!
{
	archiveVersion = 1;
	classes = {
	};
	objectVersion = 46;
	objects = {

/* Begin PBXBuildFile section */
		4C58B0671BFD1849004B2CE6 /* AppDelegate.swift in Sources */ = {isa = PBXBuildFile; fileRef = 4C58B0661BFD1849004B2CE6 /* AppDelegate.swift */; };
		4C58B0691BFD1849004B2CE6 /* ViewController.swift in Sources */ = {isa = PBXBuildFile; fileRef = 4C58B0681BFD1849004B2CE6 /* ViewController.swift */; };
		4C58B06C1BFD1849004B2CE6 /* Main.storyboard in Resources */ = {isa = PBXBuildFile; fileRef = 4C58B06A1BFD1849004B2CE6 /* Main.storyboard */; };
		4C58B06E1BFD1849004B2CE6 /* Assets.xcassets in Resources */ = {isa = PBXBuildFile; fileRef = 4C58B06D1BFD1849004B2CE6 /* Assets.xcassets */; };
		4C58B0711BFD1849004B2CE6 /* LaunchScreen.storyboard in Resources */ = {isa = PBXBuildFile; fileRef = 4C58B06F1BFD1849004B2CE6 /* LaunchScreen.storyboard */; };
		4C58B07C1BFD184A004B2CE6 /* randomNameGenTests.swift in Sources */ = {isa = PBXBuildFile; fileRef = 4C58B07B1BFD184A004B2CE6 /* randomNameGenTests.swift */; };
		4C58B0871BFD184A004B2CE6 /* randomNameGenUITests.swift in Sources */ = {isa = PBXBuildFile; fileRef = 4C58B0861BFD184A004B2CE6 /* randomNameGenUITests.swift */; };
		4C58B0971BFD2E96004B2CE6 /* ArrayView.swift in Sources */ = {isa = PBXBuildFile; fileRef = 4C58B0961BFD2E96004B2CE6 /* ArrayView.swift */; };
		4C58B0991BFD2EF9004B2CE6 /* ArrayController.swift in Sources */ = {isa = PBXBuildFile; fileRef = 4C58B0981BFD2EF9004B2CE6 /* ArrayController.swift */; };
		4C58B09D1BFD3B75004B2CE6 /* AddNewController.swift in Sources */ = {isa = PBXBuildFile; fileRef = 4C58B09C1BFD3B75004B2CE6 /* AddNewController.swift */; };
/* End PBXBuildFile section */

/* Begin PBXContainerItemProxy section */
		4C58B0781BFD184A004B2CE6 /* PBXContainerItemProxy */ = {
			isa = PBXContainerItemProxy;
			containerPortal = 4C58B05B1BFD1849004B2CE6 /* Project object */;
			proxyType = 1;
			remoteGlobalIDString = 4C58B0621BFD1849004B2CE6;
			remoteInfo = randomNameGen;
		};
		4C58B0831BFD184A004B2CE6 /* PBXContainerItemProxy */ = {
			isa = PBXContainerItemProxy;
			containerPortal = 4C58B05B1BFD1849004B2CE6 /* Project object */;
			proxyType = 1;
			remoteGlobalIDString = 4C58B0621BFD1849004B2CE6;
			remoteInfo = randomNameGen;
		};
/* End PBXContainerItemProxy section */

/* Begin PBXFileReference section */
		4C58B0631BFD1849004B2CE6 /* randomNameGen.app */ = {isa = PBXFileReference; explicitFileType = wrapper.application; includeInIndex = 0; path = randomNameGen.app; sourceTree = BUILT_PRODUCTS_DIR; };
		4C58B0661BFD1849004B2CE6 /* AppDelegate.swift */ = {isa = PBXFileReference; lastKnownFileType = sourcecode.swift; path = AppDelegate.swift; sourceTree = "<group>"; };
		4C58B0681BFD1849004B2CE6 /* ViewController.swift */ = {isa = PBXFileReference; lastKnownFileType = sourcecode.swift; path = ViewController.swift; sourceTree = "<group>"; };
		4C58B06B1BFD1849004B2CE6 /* Base */ = {isa = PBXFileReference; lastKnownFileType = file.storyboard; name = Base; path = Base.lproj/Main.storyboard; sourceTree = "<group>"; };
		4C58B06D1BFD1849004B2CE6 /* Assets.xcassets */ = {isa = PBXFileReference; lastKnownFileType = folder.assetcatalog; path = Assets.xcassets; sourceTree = "<group>"; };
		4C58B0701BFD1849004B2CE6 /* Base */ = {isa = PBXFileReference; lastKnownFileType = file.storyboard; name = Base; path = Base.lproj/LaunchScreen.storyboard; sourceTree = "<group>"; };
		4C58B0721BFD1849004B2CE6 /* Info.plist */ = {isa = PBXFileReference; lastKnownFileType = text.plist.xml; path = Info.plist; sourceTree = "<group>"; };
		4C58B0771BFD184A004B2CE6 /* randomNameGenTests.xctest */ = {isa = PBXFileReference; explicitFileType = wrapper.cfbundle; includeInIndex = 0; path = randomNameGenTests.xctest; sourceTree = BUILT_PRODUCTS_DIR; };
		4C58B07B1BFD184A004B2CE6 /* randomNameGenTests.swift */ = {isa = PBXFileReference; lastKnownFileType = sourcecode.swift; path = randomNameGenTests.swift; sourceTree = "<group>"; };
		4C58B07D1BFD184A004B2CE6 /* Info.plist */ = {isa = PBXFileReference; lastKnownFileType = text.plist.xml; path = Info.plist; sourceTree = "<group>"; };
		4C58B0821BFD184A004B2CE6 /* randomNameGenUITests.xctest */ = {isa = PBXFileReference; explicitFileType = wrapper.cfbundle; includeInIndex = 0; path = randomNameGenUITests.xctest; sourceTree = BUILT_PRODUCTS_DIR; };
		4C58B0861BFD184A004B2CE6 /* randomNameGenUITests.swift */ = {isa = PBXFileReference; lastKnownFileType = sourcecode.swift; path = randomNameGenUITests.swift; sourceTree = "<group>"; };
		4C58B0881BFD184A004B2CE6 /* Info.plist */ = {isa = PBXFileReference; lastKnownFileType = text.plist.xml; path = Info.plist; sourceTree = "<group>"; };
		4C58B0961BFD2E96004B2CE6 /* ArrayView.swift */ = {isa = PBXFileReference; fileEncoding = 4; lastKnownFileType = sourcecode.swift; name = ArrayView.swift; path = ../ArrayView.swift; sourceTree = "<group>"; };
		4C58B0981BFD2EF9004B2CE6 /* ArrayController.swift */ = {isa = PBXFileReference; fileEncoding = 4; lastKnownFileType = sourcecode.swift; name = ArrayController.swift; path = ../ArrayController.swift; sourceTree = "<group>"; };
		4C58B09C1BFD3B75004B2CE6 /* AddNewController.swift */ = {isa = PBXFileReference; fileEncoding = 4; lastKnownFileType = sourcecode.swift; name = AddNewController.swift; path = ../AddNewController.swift; sourceTree = "<group>"; };
/* End PBXFileReference section */

/* Begin PBXFrameworksBuildPhase section */
		4C58B0601BFD1849004B2CE6 /* Frameworks */ = {
			isa = PBXFrameworksBuildPhase;
			buildActionMask = 2147483647;
			files = (
			);
			runOnlyForDeploymentPostprocessing = 0;
		};
		4C58B0741BFD184A004B2CE6 /* Frameworks */ = {
			isa = PBXFrameworksBuildPhase;
			buildActionMask = 2147483647;
			files = (
			);
			runOnlyForDeploymentPostprocessing = 0;
		};
		4C58B07F1BFD184A004B2CE6 /* Frameworks */ = {
			isa = PBXFrameworksBuildPhase;
			buildActionMask = 2147483647;
			files = (
			);
			runOnlyForDeploymentPostprocessing = 0;
		};
/* End PBXFrameworksBuildPhase section */

/* Begin PBXGroup section */
		4C58B05A1BFD1849004B2CE6 = {
			isa = PBXGroup;
			children = (
				4C58B0651BFD1849004B2CE6 /* randomNameGen */,
				4C58B07A1BFD184A004B2CE6 /* randomNameGenTests */,
				4C58B0851BFD184A004B2CE6 /* randomNameGenUITests */,
				4C58B0641BFD1849004B2CE6 /* Products */,
			);
			sourceTree = "<group>";
		};
		4C58B0641BFD1849004B2CE6 /* Products */ = {
			isa = PBXGroup;
			children = (
				4C58B0631BFD1849004B2CE6 /* randomNameGen.app */,
				4C58B0771BFD184A004B2CE6 /* randomNameGenTests.xctest */,
				4C58B0821BFD184A004B2CE6 /* randomNameGenUITests.xctest */,
			);
			name = Products;
			sourceTree = "<group>";
		};
		4C58B0651BFD1849004B2CE6 /* randomNameGen */ = {
			isa = PBXGroup;
			children = (
				4C58B0661BFD1849004B2CE6 /* AppDelegate.swift */,
				4C58B09C1BFD3B75004B2CE6 /* AddNewController.swift */,
				4C58B0961BFD2E96004B2CE6 /* ArrayView.swift */,
				4C58B0981BFD2EF9004B2CE6 /* ArrayController.swift */,
				4C58B0681BFD1849004B2CE6 /* ViewController.swift */,
				4C58B06A1BFD1849004B2CE6 /* Main.storyboard */,
				4C58B06D1BFD1849004B2CE6 /* Assets.xcassets */,
				4C58B06F1BFD1849004B2CE6 /* LaunchScreen.storyboard */,
				4C58B0721BFD1849004B2CE6 /* Info.plist */,
			);
			path = randomNameGen;
			sourceTree = "<group>";
		};
		4C58B07A1BFD184A004B2CE6 /* randomNameGenTests */ = {
			isa = PBXGroup;
			children = (
				4C58B07B1BFD184A004B2CE6 /* randomNameGenTests.swift */,
				4C58B07D1BFD184A004B2CE6 /* Info.plist */,
			);
			path = randomNameGenTests;
			sourceTree = "<group>";
		};
		4C58B0851BFD184A004B2CE6 /* randomNameGenUITests */ = {
			isa = PBXGroup;
			children = (
				4C58B0861BFD184A004B2CE6 /* randomNameGenUITests.swift */,
				4C58B0881BFD184A004B2CE6 /* Info.plist */,
			);
			path = randomNameGenUITests;
			sourceTree = "<group>";
		};
/* End PBXGroup section */

/* Begin PBXNativeTarget section */
		4C58B0621BFD1849004B2CE6 /* randomNameGen */ = {
			isa = PBXNativeTarget;
			buildConfigurationList = 4C58B08B1BFD184A004B2CE6 /* Build configuration list for PBXNativeTarget "randomNameGen" */;
			buildPhases = (
				4C58B05F1BFD1849004B2CE6 /* Sources */,
				4C58B0601BFD1849004B2CE6 /* Frameworks */,
				4C58B0611BFD1849004B2CE6 /* Resources */,
			);
			buildRules = (
			);
			dependencies = (
			);
			name = randomNameGen;
			productName = randomNameGen;
			productReference = 4C58B0631BFD1849004B2CE6 /* randomNameGen.app */;
			productType = "com.apple.product-type.application";
		};
		4C58B0761BFD184A004B2CE6 /* randomNameGenTests */ = {
			isa = PBXNativeTarget;
			buildConfigurationList = 4C58B08E1BFD184A004B2CE6 /* Build configuration list for PBXNativeTarget "randomNameGenTests" */;
			buildPhases = (
				4C58B0731BFD184A004B2CE6 /* Sources */,
				4C58B0741BFD184A004B2CE6 /* Frameworks */,
				4C58B0751BFD184A004B2CE6 /* Resources */,
			);
			buildRules = (
			);
			dependencies = (
				4C58B0791BFD184A004B2CE6 /* PBXTargetDependency */,
			);
			name = randomNameGenTests;
			productName = randomNameGenTests;
			productReference = 4C58B0771BFD184A004B2CE6 /* randomNameGenTests.xctest */;
			productType = "com.apple.product-type.bundle.unit-test";
		};
		4C58B0811BFD184A004B2CE6 /* randomNameGenUITests */ = {
			isa = PBXNativeTarget;
			buildConfigurationList = 4C58B0911BFD184A004B2CE6 /* Build configuration list for PBXNativeTarget "randomNameGenUITests" */;
			buildPhases = (
				4C58B07E1BFD184A004B2CE6 /* Sources */,
				4C58B07F1BFD184A004B2CE6 /* Frameworks */,
				4C58B0801BFD184A004B2CE6 /* Resources */,
			);
			buildRules = (
			);
			dependencies = (
				4C58B0841BFD184A004B2CE6 /* PBXTargetDependency */,
			);
			name = randomNameGenUITests;
			productName = randomNameGenUITests;
			productReference = 4C58B0821BFD184A004B2CE6 /* randomNameGenUITests.xctest */;
			productType = "com.apple.product-type.bundle.ui-testing";
		};
/* End PBXNativeTarget section */

/* Begin PBXProject section */
		4C58B05B1BFD1849004B2CE6 /* Project object */ = {
			isa = PBXProject;
			attributes = {
				LastSwiftUpdateCheck = 0710;
				LastUpgradeCheck = 0710;
				ORGANIZATIONNAME = "elboss-apps";
				TargetAttributes = {
					4C58B0621BFD1849004B2CE6 = {
						CreatedOnToolsVersion = 7.1;
					};
					4C58B0761BFD184A004B2CE6 = {
						CreatedOnToolsVersion = 7.1;
						TestTargetID = 4C58B0621BFD1849004B2CE6;
					};
					4C58B0811BFD184A004B2CE6 = {
						CreatedOnToolsVersion = 7.1;
						TestTargetID = 4C58B0621BFD1849004B2CE6;
					};
				};
			};
			buildConfigurationList = 4C58B05E1BFD1849004B2CE6 /* Build configuration list for PBXProject "randomNameGen" */;
			compatibilityVersion = "Xcode 3.2";
			developmentRegion = English;
			hasScannedForEncodings = 0;
			knownRegions = (
				en,
				Base,
			);
			mainGroup = 4C58B05A1BFD1849004B2CE6;
			productRefGroup = 4C58B0641BFD1849004B2CE6 /* Products */;
			projectDirPath = "";
			projectRoot = "";
			targets = (
				4C58B0621BFD1849004B2CE6 /* randomNameGen */,
				4C58B0761BFD184A004B2CE6 /* randomNameGenTests */,
				4C58B0811BFD184A004B2CE6 /* randomNameGenUITests */,
			);
		};
/* End PBXProject section */

/* Begin PBXResourcesBuildPhase section */
		4C58B0611BFD1849004B2CE6 /* Resources */ = {
			isa = PBXResourcesBuildPhase;
			buildActionMask = 2147483647;
			files = (
				4C58B0711BFD1849004B2CE6 /* LaunchScreen.storyboard in Resources */,
				4C58B06E1BFD1849004B2CE6 /* Assets.xcassets in Resources */,
				4C58B06C1BFD1849004B2CE6 /* Main.storyboard in Resources */,
			);
			runOnlyForDeploymentPostprocessing = 0;
		};
		4C58B0751BFD184A004B2CE6 /* Resources */ = {
			isa = PBXResourcesBuildPhase;
			buildActionMask = 2147483647;
			files = (
			);
			runOnlyForDeploymentPostprocessing = 0;
		};
		4C58B0801BFD184A004B2CE6 /* Resources */ = {
			isa = PBXResourcesBuildPhase;
			buildActionMask = 2147483647;
			files = (
			);
			runOnlyForDeploymentPostprocessing = 0;
		};
/* End PBXResourcesBuildPhase section */

/* Begin PBXSourcesBuildPhase section */
		4C58B05F1BFD1849004B2CE6 /* Sources */ = {
			isa = PBXSourcesBuildPhase;
			buildActionMask = 2147483647;
			files = (
				4C58B0691BFD1849004B2CE6 /* ViewController.swift in Sources */,
				4C58B0971BFD2E96004B2CE6 /* ArrayView.swift in Sources */,
				4C58B0671BFD1849004B2CE6 /* AppDelegate.swift in Sources */,
				4C58B0991BFD2EF9004B2CE6 /* ArrayController.swift in Sources */,
				4C58B09D1BFD3B75004B2CE6 /* AddNewController.swift in Sources */,
			);
			runOnlyForDeploymentPostprocessing = 0;
		};
		4C58B0731BFD184A004B2CE6 /* Sources */ = {
			isa = PBXSourcesBuildPhase;
			buildActionMask = 2147483647;
			files = (
				4C58B07C1BFD184A004B2CE6 /* randomNameGenTests.swift in Sources */,
			);
			runOnlyForDeploymentPostprocessing = 0;
		};
		4C58B07E1BFD184A004B2CE6 /* Sources */ = {
			isa = PBXSourcesBuildPhase;
			buildActionMask = 2147483647;
			files = (
				4C58B0871BFD184A004B2CE6 /* randomNameGenUITests.swift in Sources */,
			);
			runOnlyForDeploymentPostprocessing = 0;
		};
/* End PBXSourcesBuildPhase section */

/* Begin PBXTargetDependency section */
		4C58B0791BFD184A004B2CE6 /* PBXTargetDependency */ = {
			isa = PBXTargetDependency;
			target = 4C58B0621BFD1849004B2CE6 /* randomNameGen */;
			targetProxy = 4C58B0781BFD184A004B2CE6 /* PBXContainerItemProxy */;
		};
		4C58B0841BFD184A004B2CE6 /* PBXTargetDependency */ = {
			isa = PBXTargetDependency;
			target = 4C58B0621BFD1849004B2CE6 /* randomNameGen */;
			targetProxy = 4C58B0831BFD184A004B2CE6 /* PBXContainerItemProxy */;
		};
/* End PBXTargetDependency section */

/* Begin PBXVariantGroup section */
		4C58B06A1BFD1849004B2CE6 /* Main.storyboard */ = {
			isa = PBXVariantGroup;
			children = (
				4C58B06B1BFD1849004B2CE6 /* Base */,
			);
			name = Main.storyboard;
			sourceTree = "<group>";
		};
		4C58B06F1BFD1849004B2CE6 /* LaunchScreen.storyboard */ = {
			isa = PBXVariantGroup;
			children = (
				4C58B0701BFD1849004B2CE6 /* Base */,
			);
			name = LaunchScreen.storyboard;
			sourceTree = "<group>";
		};
/* End PBXVariantGroup section */

/* Begin XCBuildConfiguration section */
		4C58B0891BFD184A004B2CE6 /* Debug */ = {
			isa = XCBuildConfiguration;
			buildSettings = {
				ALWAYS_SEARCH_USER_PATHS = NO;
				CLANG_CXX_LANGUAGE_STANDARD = "gnu++0x";
				CLANG_CXX_LIBRARY = "libc++";
				CLANG_ENABLE_MODULES = YES;
				CLANG_ENABLE_OBJC_ARC = YES;
				CLANG_WARN_BOOL_CONVERSION = YES;
				CLANG_WARN_CONSTANT_CONVERSION = YES;
				CLANG_WARN_DIRECT_OBJC_ISA_USAGE = YES_ERROR;
				CLANG_WARN_EMPTY_BODY = YES;
				CLANG_WARN_ENUM_CONVERSION = YES;
				CLANG_WARN_INT_CONVERSION = YES;
				CLANG_WARN_OBJC_ROOT_CLASS = YES_ERROR;
				CLANG_WARN_UNREACHABLE_CODE = YES;
				CLANG_WARN__DUPLICATE_METHOD_MATCH = YES;
				"CODE_SIGN_IDENTITY[sdk=iphoneos*]" = "iPhone Developer";
				COPY_PHASE_STRIP = NO;
				DEBUG_INFORMATION_FORMAT = dwarf;
				ENABLE_STRICT_OBJC_MSGSEND = YES;
				ENABLE_TESTABILITY = YES;
				GCC_C_LANGUAGE_STANDARD = gnu99;
				GCC_DYNAMIC_NO_PIC = NO;
				GCC_NO_COMMON_BLOCKS = YES;
				GCC_OPTIMIZATION_LEVEL = 0;
				GCC_PREPROCESSOR_DEFINITIONS = (
					"DEBUG=1",
					"$(inherited)",
				);
				GCC_WARN_64_TO_32_BIT_CONVERSION = YES;
				GCC_WARN_ABOUT_RETURN_TYPE = YES_ERROR;
				GCC_WARN_UNDECLARED_SELECTOR = YES;
				GCC_WARN_UNINITIALIZED_AUTOS = YES_AGGRESSIVE;
				GCC_WARN_UNUSED_FUNCTION = YES;
				GCC_WARN_UNUSED_VARIABLE = YES;
				IPHONEOS_DEPLOYMENT_TARGET = 9.1;
				MTL_ENABLE_DEBUG_INFO = YES;
				ONLY_ACTIVE_ARCH = YES;
				SDKROOT = iphoneos;
				SWIFT_OPTIMIZATION_LEVEL = "-Onone";
			};
			name = Debug;
		};
		4C58B08A1BFD184A004B2CE6 /* Release */ = {
			isa = XCBuildConfiguration;
			buildSettings = {
				ALWAYS_SEARCH_USER_PATHS = NO;
				CLANG_CXX_LANGUAGE_STANDARD = "gnu++0x";
				CLANG_CXX_LIBRARY = "libc++";
				CLANG_ENABLE_MODULES = YES;
				CLANG_ENABLE_OBJC_ARC = YES;
				CLANG_WARN_BOOL_CONVERSION = YES;
				CLANG_WARN_CONSTANT_CONVERSION = YES;
				CLANG_WARN_DIRECT_OBJC_ISA_USAGE = YES_ERROR;
				CLANG_WARN_EMPTY_BODY = YES;
				CLANG_WARN_ENUM_CONVERSION = YES;
				CLANG_WARN_INT_CONVERSION = YES;
				CLANG_WARN_OBJC_ROOT_CLASS = YES_ERROR;
				CLANG_WARN_UNREACHABLE_CODE = YES;
				CLANG_WARN__DUPLICATE_METHOD_MATCH = YES;
				"CODE_SIGN_IDENTITY[sdk=iphoneos*]" = "iPhone Developer";
				COPY_PHASE_STRIP = NO;
				DEBUG_INFORMATION_FORMAT = "dwarf-with-dsym";
				ENABLE_NS_ASSERTIONS = NO;
				ENABLE_STRICT_OBJC_MSGSEND = YES;
				GCC_C_LANGUAGE_STANDARD = gnu99;
				GCC_NO_COMMON_BLOCKS = YES;
				GCC_WARN_64_TO_32_BIT_CONVERSION = YES;
				GCC_WARN_ABOUT_RETURN_TYPE = YES_ERROR;
				GCC_WARN_UNDECLARED_SELECTOR = YES;
				GCC_WARN_UNINITIALIZED_AUTOS = YES_AGGRESSIVE;
				GCC_WARN_UNUSED_FUNCTION = YES;
				GCC_WARN_UNUSED_VARIABLE = YES;
				IPHONEOS_DEPLOYMENT_TARGET = 9.1;
				MTL_ENABLE_DEBUG_INFO = NO;
				SDKROOT = iphoneos;
				VALIDATE_PRODUCT = YES;
			};
			name = Release;
		};
		4C58B08C1BFD184A004B2CE6 /* Debug */ = {
			isa = XCBuildConfiguration;
			buildSettings = {
				ASSETCATALOG_COMPILER_APPICON_NAME = AppIcon;
				INFOPLIST_FILE = randomNameGen/Info.plist;
				LD_RUNPATH_SEARCH_PATHS = "$(inherited) @executable_path/Frameworks";
				PRODUCT_BUNDLE_IDENTIFIER = "com.elboss-apps.randomNameGen";
				PRODUCT_NAME = "$(TARGET_NAME)";
			};
			name = Debug;
		};
		4C58B08D1BFD184A004B2CE6 /* Release */ = {
			isa = XCBuildConfiguration;
			buildSettings = {
				ASSETCATALOG_COMPILER_APPICON_NAME = AppIcon;
				INFOPLIST_FILE = randomNameGen/Info.plist;
				LD_RUNPATH_SEARCH_PATHS = "$(inherited) @executable_path/Frameworks";
				PRODUCT_BUNDLE_IDENTIFIER = "com.elboss-apps.randomNameGen";
				PRODUCT_NAME = "$(TARGET_NAME)";
			};
			name = Release;
		};
		4C58B08F1BFD184A004B2CE6 /* Debug */ = {
			isa = XCBuildConfiguration;
			buildSettings = {
				BUNDLE_LOADER = "$(TEST_HOST)";
				INFOPLIST_FILE = randomNameGenTests/Info.plist;
				LD_RUNPATH_SEARCH_PATHS = "$(inherited) @executable_path/Frameworks @loader_path/Frameworks";
				PRODUCT_BUNDLE_IDENTIFIER = "com.elboss-apps.randomNameGenTests";
				PRODUCT_NAME = "$(TARGET_NAME)";
				TEST_HOST = "$(BUILT_PRODUCTS_DIR)/randomNameGen.app/randomNameGen";
			};
			name = Debug;
		};
		4C58B0901BFD184A004B2CE6 /* Release */ = {
			isa = XCBuildConfiguration;
			buildSettings = {
				BUNDLE_LOADER = "$(TEST_HOST)";
				INFOPLIST_FILE = randomNameGenTests/Info.plist;
				LD_RUNPATH_SEARCH_PATHS = "$(inherited) @executable_path/Frameworks @loader_path/Frameworks";
				PRODUCT_BUNDLE_IDENTIFIER = "com.elboss-apps.randomNameGenTests";
				PRODUCT_NAME = "$(TARGET_NAME)";
				TEST_HOST = "$(BUILT_PRODUCTS_DIR)/randomNameGen.app/randomNameGen";
			};
			name = Release;
		};
		4C58B0921BFD184A004B2CE6 /* Debug */ = {
			isa = XCBuildConfiguration;
			buildSettings = {
				INFOPLIST_FILE = randomNameGenUITests/Info.plist;
				LD_RUNPATH_SEARCH_PATHS = "$(inherited) @executable_path/Frameworks @loader_path/Frameworks";
				PRODUCT_BUNDLE_IDENTIFIER = "com.elboss-apps.randomNameGenUITests";
				PRODUCT_NAME = "$(TARGET_NAME)";
				TEST_TARGET_NAME = randomNameGen;
				USES_XCTRUNNER = YES;
			};
			name = Debug;
		};
		4C58B0931BFD184A004B2CE6 /* Release */ = {
			isa = XCBuildConfiguration;
			buildSettings = {
				INFOPLIST_FILE = randomNameGenUITests/Info.plist;
				LD_RUNPATH_SEARCH_PATHS = "$(inherited) @executable_path/Frameworks @loader_path/Frameworks";
				PRODUCT_BUNDLE_IDENTIFIER = "com.elboss-apps.randomNameGenUITests";
				PRODUCT_NAME = "$(TARGET_NAME)";
				TEST_TARGET_NAME = randomNameGen;
				USES_XCTRUNNER = YES;
			};
			name = Release;
		};
/* End XCBuildConfiguration section */

/* Begin XCConfigurationList section */
		4C58B05E1BFD1849004B2CE6 /* Build configuration list for PBXProject "randomNameGen" */ = {
			isa = XCConfigurationList;
			buildConfigurations = (
				4C58B0891BFD184A004B2CE6 /* Debug */,
				4C58B08A1BFD184A004B2CE6 /* Release */,
			);
			defaultConfigurationIsVisible = 0;
			defaultConfigurationName = Release;
		};
		4C58B08B1BFD184A004B2CE6 /* Build configuration list for PBXNativeTarget "randomNameGen" */ = {
			isa = XCConfigurationList;
			buildConfigurations = (
				4C58B08C1BFD184A004B2CE6 /* Debug */,
				4C58B08D1BFD184A004B2CE6 /* Release */,
			);
			defaultConfigurationIsVisible = 0;
		};
		4C58B08E1BFD184A004B2CE6 /* Build configuration list for PBXNativeTarget "randomNameGenTests" */ = {
			isa = XCConfigurationList;
			buildConfigurations = (
				4C58B08F1BFD184A004B2CE6 /* Debug */,
				4C58B0901BFD184A004B2CE6 /* Release */,
			);
			defaultConfigurationIsVisible = 0;
		};
		4C58B0911BFD184A004B2CE6 /* Build configuration list for PBXNativeTarget "randomNameGenUITests" */ = {
			isa = XCConfigurationList;
			buildConfigurations = (
				4C58B0921BFD184A004B2CE6 /* Debug */,
				4C58B0931BFD184A004B2CE6 /* Release */,
			);
			defaultConfigurationIsVisible = 0;
		};
/* End XCConfigurationList section */
	};
	rootObject = 4C58B05B1BFD1849004B2CE6 /* Project object */;
}
